
Microsoft Visual Studio Solution File, Format Version 12.00
# Visual Studio Version 16
VisualStudioVersion = 16.0.31112.23
MinimumVisualStudioVersion = 10.0.40219.1
Project("{9A19103F-16F7-4668-BE54-9A1E7A4F7556}") = "Business", "Business\Business.csproj", "{C99FCF21-B427-44A4-81BD-317990D446EE}"
EndProject
Project("{9A19103F-16F7-4668-BE54-9A1E7A4F7556}") = "DataAccess", "DataAccsess\DataAccess.csproj", "{AB29C84E-22D4-4F51-AFEE-529CEEA89036}"
EndProject
Project("{9A19103F-16F7-4668-BE54-9A1E7A4F7556}") = "Entities", "Entities\Entities.csproj", "{09282706-14AB-4AE4-B0C7-0B943D7F94AE}"
EndProject
Project("{9A19103F-16F7-4668-BE54-9A1E7A4F7556}") = "WebAPI", "WebAPI\WebAPI.csproj", "{95C64273-2EE5-4201-AC01-796D208AAE1A}"
EndProject
Project("{9A19103F-16F7-4668-BE54-9A1E7A4F7556}") = "Core", "..\Staj\PortManagement\Core\Core.csproj", "{4C5B17DF-ABDD-4224-96C8-7537AC76EE81}"
EndProject
Global
	GlobalSection(SolutionConfigurationPlatforms) = preSolution
		Debug|Any CPU = Debug|Any CPU
		Release|Any CPU = Release|Any CPU
	EndGlobalSection
	GlobalSection(ProjectConfigurationPlatforms) = postSolution
		{C99FCF21-B427-44A4-81BD-317990D446EE}.Debug|Any CPU.ActiveCfg = Debug|Any CPU
		{C99FCF21-B427-44A4-81BD-317990D446EE}.Debug|Any CPU.Build.0 = Debug|Any CPU
		{C99FCF21-B427-44A4-81BD-317990D446EE}.Release|Any CPU.ActiveCfg = Release|Any CPU
		{C99FCF21-B427-44A4-81BD-317990D446EE}.Release|Any CPU.Build.0 = Release|Any CPU
		{AB29C84E-22D4-4F51-AFEE-529CEEA89036}.Debug|Any CPU.ActiveCfg = Debug|Any CPU
		{AB29C84E-22D4-4F51-AFEE-529CEEA89036}.Debug|Any CPU.Build.0 = Debug|Any CPU
		{AB29C84E-22D4-4F51-AFEE-529CEEA89036}.Release|Any CPU.ActiveCfg = Release|Any CPU
		{AB29C84E-22D4-4F51-AFEE-529CEEA89036}.Release|Any CPU.Build.0 = Release|Any CPU
		{09282706-14AB-4AE4-B0C7-0B943D7F94AE}.Debug|Any CPU.ActiveCfg = Debug|Any CPU
		{09282706-14AB-4AE4-B0C7-0B943D7F94AE}.Debug|Any CPU.Build.0 = Debug|Any CPU
		{09282706-14AB-4AE4-B0C7-0B943D7F94AE}.Release|Any CPU.ActiveCfg = Release|Any CPU
		{09282706-14AB-4AE4-B0C7-0B943D7F94AE}.Release|Any CPU.Build.0 = Release|Any CPU
		{95C64273-2EE5-4201-AC01-796D208AAE1A}.Debug|Any CPU.ActiveCfg = Debug|Any CPU
		{95C64273-2EE5-4201-AC01-796D208AAE1A}.Debug|Any CPU.Build.0 = Debug|Any CPU
		{95C64273-2EE5-4201-AC01-796D208AAE1A}.Release|Any CPU.ActiveCfg = Release|Any CPU
		{95C64273-2EE5-4201-AC01-796D208AAE1A}.Release|Any CPU.Build.0 = Release|Any CPU
		{4C5B17DF-ABDD-4224-96C8-7537AC76EE81}.Debug|Any CPU.ActiveCfg = Debug|Any CPU
		{4C5B17DF-ABDD-4224-96C8-7537AC76EE81}.Debug|Any CPU.Build.0 = Debug|Any CPU
		{4C5B17DF-ABDD-4224-96C8-7537AC76EE81}.Release|Any CPU.ActiveCfg = Release|Any CPU
		{4C5B17DF-ABDD-4224-96C8-7537AC76EE81}.Release|Any CPU.Build.0 = Release|Any CPU
	EndGlobalSection
	GlobalSection(SolutionProperties) = preSolution
		HideSolutionNode = FALSE
	EndGlobalSection
	GlobalSection(ExtensibilityGlobals) = postSolution
		SolutionGuid = {C2764E91-27A1-4AB2-87D5-449EF4DFF547}
	EndGlobalSection
EndGlobal
